
Microsoft Visual Studio Solution File, Format Version 12.00
# Visual Studio Version 17
VisualStudioVersion = 17.7.34221.43
MinimumVisualStudioVersion = 10.0.40219.1
Project("{FAE04EC0-301F-11D3-BF4B-00C04F79EFBC}") = "ls_18", "ls_18\ls_18.csproj", "{D56C49F5-6643-4591-B560-34168B615B4D}"
EndProject
Global
	GlobalSection(SolutionConfigurationPlatforms) = preSolution
		Debug|Any CPU = Debug|Any CPU
		Release|Any CPU = Release|Any CPU
	EndGlobalSection
	GlobalSection(ProjectConfigurationPlatforms) = postSolution
		{D56C49F5-6643-4591-B560-34168B615B4D}.Debug|Any CPU.ActiveCfg = Debug|Any CPU
		{D56C49F5-6643-4591-B560-34168B615B4D}.Debug|Any CPU.Build.0 = Debug|Any CPU
		{D56C49F5-6643-4591-B560-34168B615B4D}.Release|Any CPU.ActiveCfg = Release|Any CPU
		{D56C49F5-6643-4591-B560-34168B615B4D}.Release|Any CPU.Build.0 = Release|Any CPU
	EndGlobalSection
	GlobalSection(SolutionProperties) = preSolution
		HideSolutionNode = FALSE
	EndGlobalSection
	GlobalSection(ExtensibilityGlobals) = postSolution
		SolutionGuid = {61BC3AA7-3C9B-405D-B329-DAC2835050AF}
	EndGlobalSection
EndGlobal
