
Microsoft Visual Studio Solution File, Format Version 12.00
# Visual Studio Version 17
VisualStudioVersion = 17.8.34525.116
MinimumVisualStudioVersion = 10.0.40219.1
Project("{FAE04EC0-301F-11D3-BF4B-00C04F79EFBC}") = "HW_20", "HW_20\HW_20.csproj", "{B9CAC114-6019-4C8F-9DB9-AFA9FA0238FC}"
EndProject
Global
	GlobalSection(SolutionConfigurationPlatforms) = preSolution
		Debug|Any CPU = Debug|Any CPU
		Release|Any CPU = Release|Any CPU
	EndGlobalSection
	GlobalSection(ProjectConfigurationPlatforms) = postSolution
		{B9CAC114-6019-4C8F-9DB9-AFA9FA0238FC}.Debug|Any CPU.ActiveCfg = Debug|Any CPU
		{B9CAC114-6019-4C8F-9DB9-AFA9FA0238FC}.Debug|Any CPU.Build.0 = Debug|Any CPU
		{B9CAC114-6019-4C8F-9DB9-AFA9FA0238FC}.Release|Any CPU.ActiveCfg = Release|Any CPU
		{B9CAC114-6019-4C8F-9DB9-AFA9FA0238FC}.Release|Any CPU.Build.0 = Release|Any CPU
	EndGlobalSection
	GlobalSection(SolutionProperties) = preSolution
		HideSolutionNode = FALSE
	EndGlobalSection
	GlobalSection(ExtensibilityGlobals) = postSolution
		SolutionGuid = {756F3976-3426-4565-B0DA-DF9AD60E0CCD}
	EndGlobalSection
EndGlobal
