
Microsoft Visual Studio Solution File, Format Version 12.00
# Visual Studio Version 17
VisualStudioVersion = 17.7.34221.43
MinimumVisualStudioVersion = 10.0.40219.1
Project("{FAE04EC0-301F-11D3-BF4B-00C04F79EFBC}") = "ls_16", "ls_16\ls_16.csproj", "{05E3CED7-860E-4BAF-B5D5-C87C4EEFA7FA}"
EndProject
Global
	GlobalSection(SolutionConfigurationPlatforms) = preSolution
		Debug|Any CPU = Debug|Any CPU
		Release|Any CPU = Release|Any CPU
	EndGlobalSection
	GlobalSection(ProjectConfigurationPlatforms) = postSolution
		{05E3CED7-860E-4BAF-B5D5-C87C4EEFA7FA}.Debug|Any CPU.ActiveCfg = Debug|Any CPU
		{05E3CED7-860E-4BAF-B5D5-C87C4EEFA7FA}.Debug|Any CPU.Build.0 = Debug|Any CPU
		{05E3CED7-860E-4BAF-B5D5-C87C4EEFA7FA}.Release|Any CPU.ActiveCfg = Release|Any CPU
		{05E3CED7-860E-4BAF-B5D5-C87C4EEFA7FA}.Release|Any CPU.Build.0 = Release|Any CPU
	EndGlobalSection
	GlobalSection(SolutionProperties) = preSolution
		HideSolutionNode = FALSE
	EndGlobalSection
	GlobalSection(ExtensibilityGlobals) = postSolution
		SolutionGuid = {9D6683B7-3A16-46C1-8940-BED7EEEF636F}
	EndGlobalSection
EndGlobal
