
Microsoft Visual Studio Solution File, Format Version 12.00
# Visual Studio Version 17
VisualStudioVersion = 17.7.34221.43
MinimumVisualStudioVersion = 10.0.40219.1
Project("{FAE04EC0-301F-11D3-BF4B-00C04F79EFBC}") = "HW_9", "HW_9\HW_9.csproj", "{00A73315-584D-48B4-B52C-148E9A6FFD51}"
EndProject
Global
	GlobalSection(SolutionConfigurationPlatforms) = preSolution
		Debug|Any CPU = Debug|Any CPU
		Release|Any CPU = Release|Any CPU
	EndGlobalSection
	GlobalSection(ProjectConfigurationPlatforms) = postSolution
		{00A73315-584D-48B4-B52C-148E9A6FFD51}.Debug|Any CPU.ActiveCfg = Debug|Any CPU
		{00A73315-584D-48B4-B52C-148E9A6FFD51}.Debug|Any CPU.Build.0 = Debug|Any CPU
		{00A73315-584D-48B4-B52C-148E9A6FFD51}.Release|Any CPU.ActiveCfg = Release|Any CPU
		{00A73315-584D-48B4-B52C-148E9A6FFD51}.Release|Any CPU.Build.0 = Release|Any CPU
	EndGlobalSection
	GlobalSection(SolutionProperties) = preSolution
		HideSolutionNode = FALSE
	EndGlobalSection
	GlobalSection(ExtensibilityGlobals) = postSolution
		SolutionGuid = {2DFFA2B4-901D-4C1E-AD1B-31A3CEB11E87}
	EndGlobalSection
EndGlobal
