
Microsoft Visual Studio Solution File, Format Version 12.00
# Visual Studio Version 17
VisualStudioVersion = 17.7.34221.43
MinimumVisualStudioVersion = 10.0.40219.1
Project("{FAE04EC0-301F-11D3-BF4B-00C04F79EFBC}") = "HW_7", "HW_7\HW_7.csproj", "{3D742A7A-E43E-40E9-B60E-6B4469FA8571}"
EndProject
Global
	GlobalSection(SolutionConfigurationPlatforms) = preSolution
		Debug|Any CPU = Debug|Any CPU
		Release|Any CPU = Release|Any CPU
	EndGlobalSection
	GlobalSection(ProjectConfigurationPlatforms) = postSolution
		{3D742A7A-E43E-40E9-B60E-6B4469FA8571}.Debug|Any CPU.ActiveCfg = Debug|Any CPU
		{3D742A7A-E43E-40E9-B60E-6B4469FA8571}.Debug|Any CPU.Build.0 = Debug|Any CPU
		{3D742A7A-E43E-40E9-B60E-6B4469FA8571}.Release|Any CPU.ActiveCfg = Release|Any CPU
		{3D742A7A-E43E-40E9-B60E-6B4469FA8571}.Release|Any CPU.Build.0 = Release|Any CPU
	EndGlobalSection
	GlobalSection(SolutionProperties) = preSolution
		HideSolutionNode = FALSE
	EndGlobalSection
	GlobalSection(ExtensibilityGlobals) = postSolution
		SolutionGuid = {81FAC598-D4B0-4196-AA4D-BF4482A7CCB1}
	EndGlobalSection
EndGlobal
