
Microsoft Visual Studio Solution File, Format Version 12.00
# Visual Studio Version 17
VisualStudioVersion = 17.5.33516.290
MinimumVisualStudioVersion = 10.0.40219.1
Project("{FAE04EC0-301F-11D3-BF4B-00C04F79EFBC}") = "HW_13", "HW_13\HW_13.csproj", "{C94495C7-5EF5-4AC4-A06B-5C66CDABAF54}"
EndProject
Global
	GlobalSection(SolutionConfigurationPlatforms) = preSolution
		Debug|Any CPU = Debug|Any CPU
		Release|Any CPU = Release|Any CPU
	EndGlobalSection
	GlobalSection(ProjectConfigurationPlatforms) = postSolution
		{C94495C7-5EF5-4AC4-A06B-5C66CDABAF54}.Debug|Any CPU.ActiveCfg = Debug|Any CPU
		{C94495C7-5EF5-4AC4-A06B-5C66CDABAF54}.Debug|Any CPU.Build.0 = Debug|Any CPU
		{C94495C7-5EF5-4AC4-A06B-5C66CDABAF54}.Release|Any CPU.ActiveCfg = Release|Any CPU
		{C94495C7-5EF5-4AC4-A06B-5C66CDABAF54}.Release|Any CPU.Build.0 = Release|Any CPU
	EndGlobalSection
	GlobalSection(SolutionProperties) = preSolution
		HideSolutionNode = FALSE
	EndGlobalSection
	GlobalSection(ExtensibilityGlobals) = postSolution
		SolutionGuid = {91F09E98-8DD2-4D9F-BF09-37AB4A13FD75}
	EndGlobalSection
EndGlobal
