
Microsoft Visual Studio Solution File, Format Version 12.00
# Visual Studio Version 17
VisualStudioVersion = 17.5.33516.290
MinimumVisualStudioVersion = 10.0.40219.1
Project("{FAE04EC0-301F-11D3-BF4B-00C04F79EFBC}") = "HW_1", "HW_1\HW_1.csproj", "{D82D96E5-0360-4400-8E2B-DA4CC8FE8D40}"
EndProject
Global
	GlobalSection(SolutionConfigurationPlatforms) = preSolution
		Debug|Any CPU = Debug|Any CPU
		Release|Any CPU = Release|Any CPU
	EndGlobalSection
	GlobalSection(ProjectConfigurationPlatforms) = postSolution
		{D82D96E5-0360-4400-8E2B-DA4CC8FE8D40}.Debug|Any CPU.ActiveCfg = Debug|Any CPU
		{D82D96E5-0360-4400-8E2B-DA4CC8FE8D40}.Debug|Any CPU.Build.0 = Debug|Any CPU
		{D82D96E5-0360-4400-8E2B-DA4CC8FE8D40}.Release|Any CPU.ActiveCfg = Release|Any CPU
		{D82D96E5-0360-4400-8E2B-DA4CC8FE8D40}.Release|Any CPU.Build.0 = Release|Any CPU
	EndGlobalSection
	GlobalSection(SolutionProperties) = preSolution
		HideSolutionNode = FALSE
	EndGlobalSection
	GlobalSection(ExtensibilityGlobals) = postSolution
		SolutionGuid = {55256B7F-A871-48B9-81A3-88FE2BF884A0}
	EndGlobalSection
EndGlobal
