
Microsoft Visual Studio Solution File, Format Version 12.00
# Visual Studio Version 17
VisualStudioVersion = 17.5.33516.290
MinimumVisualStudioVersion = 10.0.40219.1
Project("{FAE04EC0-301F-11D3-BF4B-00C04F79EFBC}") = "HW_2", "HW_2\HW_2.csproj", "{0707EA52-1EF0-49E5-894A-FD2E15AF77BF}"
EndProject
Global
	GlobalSection(SolutionConfigurationPlatforms) = preSolution
		Debug|Any CPU = Debug|Any CPU
		Release|Any CPU = Release|Any CPU
	EndGlobalSection
	GlobalSection(ProjectConfigurationPlatforms) = postSolution
		{0707EA52-1EF0-49E5-894A-FD2E15AF77BF}.Debug|Any CPU.ActiveCfg = Debug|Any CPU
		{0707EA52-1EF0-49E5-894A-FD2E15AF77BF}.Debug|Any CPU.Build.0 = Debug|Any CPU
		{0707EA52-1EF0-49E5-894A-FD2E15AF77BF}.Release|Any CPU.ActiveCfg = Release|Any CPU
		{0707EA52-1EF0-49E5-894A-FD2E15AF77BF}.Release|Any CPU.Build.0 = Release|Any CPU
	EndGlobalSection
	GlobalSection(SolutionProperties) = preSolution
		HideSolutionNode = FALSE
	EndGlobalSection
	GlobalSection(ExtensibilityGlobals) = postSolution
		SolutionGuid = {87B387FD-23CA-4A74-828D-8733292ADEB9}
	EndGlobalSection
EndGlobal
