
Microsoft Visual Studio Solution File, Format Version 12.00
# Visual Studio Version 17
VisualStudioVersion = 17.7.34221.43
MinimumVisualStudioVersion = 10.0.40219.1
Project("{FAE04EC0-301F-11D3-BF4B-00C04F79EFBC}") = "HW_3-4", "HW_3-4\HW_3-4.csproj", "{43FE1DA3-6E7B-463B-A02C-C31E3E11995E}"
EndProject
Global
	GlobalSection(SolutionConfigurationPlatforms) = preSolution
		Debug|Any CPU = Debug|Any CPU
		Release|Any CPU = Release|Any CPU
	EndGlobalSection
	GlobalSection(ProjectConfigurationPlatforms) = postSolution
		{43FE1DA3-6E7B-463B-A02C-C31E3E11995E}.Debug|Any CPU.ActiveCfg = Debug|Any CPU
		{43FE1DA3-6E7B-463B-A02C-C31E3E11995E}.Debug|Any CPU.Build.0 = Debug|Any CPU
		{43FE1DA3-6E7B-463B-A02C-C31E3E11995E}.Release|Any CPU.ActiveCfg = Release|Any CPU
		{43FE1DA3-6E7B-463B-A02C-C31E3E11995E}.Release|Any CPU.Build.0 = Release|Any CPU
	EndGlobalSection
	GlobalSection(SolutionProperties) = preSolution
		HideSolutionNode = FALSE
	EndGlobalSection
	GlobalSection(ExtensibilityGlobals) = postSolution
		SolutionGuid = {82575177-7706-44C7-AC2B-DF91000C2B0F}
	EndGlobalSection
EndGlobal
