
Microsoft Visual Studio Solution File, Format Version 12.00
# Visual Studio Version 17
VisualStudioVersion = 17.7.34221.43
MinimumVisualStudioVersion = 10.0.40219.1
Project("{FAE04EC0-301F-11D3-BF4B-00C04F79EFBC}") = "ls_3", "ls_3\ls_3.csproj", "{B2BC44AA-C167-4A35-B327-A6055C21DB86}"
EndProject
Global
	GlobalSection(SolutionConfigurationPlatforms) = preSolution
		Debug|Any CPU = Debug|Any CPU
		Release|Any CPU = Release|Any CPU
	EndGlobalSection
	GlobalSection(ProjectConfigurationPlatforms) = postSolution
		{B2BC44AA-C167-4A35-B327-A6055C21DB86}.Debug|Any CPU.ActiveCfg = Debug|Any CPU
		{B2BC44AA-C167-4A35-B327-A6055C21DB86}.Debug|Any CPU.Build.0 = Debug|Any CPU
		{B2BC44AA-C167-4A35-B327-A6055C21DB86}.Release|Any CPU.ActiveCfg = Release|Any CPU
		{B2BC44AA-C167-4A35-B327-A6055C21DB86}.Release|Any CPU.Build.0 = Release|Any CPU
	EndGlobalSection
	GlobalSection(SolutionProperties) = preSolution
		HideSolutionNode = FALSE
	EndGlobalSection
	GlobalSection(ExtensibilityGlobals) = postSolution
		SolutionGuid = {0D0B3CCB-2B23-4402-B27E-559E4E7E252B}
	EndGlobalSection
EndGlobal
