
Microsoft Visual Studio Solution File, Format Version 12.00
# Visual Studio Version 17
VisualStudioVersion = 17.8.34525.116
MinimumVisualStudioVersion = 10.0.40219.1
Project("{FAE04EC0-301F-11D3-BF4B-00C04F79EFBC}") = "ls_21", "ls_21\ls_21.csproj", "{40AA6449-0715-4053-8813-1AAF9C5F4C5F}"
EndProject
Project("{FAE04EC0-301F-11D3-BF4B-00C04F79EFBC}") = "LINQ", "LINQ\LINQ.csproj", "{59D4C10C-E6FA-4352-BE99-824D15191AEC}"
EndProject
Global
	GlobalSection(SolutionConfigurationPlatforms) = preSolution
		Debug|Any CPU = Debug|Any CPU
		Release|Any CPU = Release|Any CPU
	EndGlobalSection
	GlobalSection(ProjectConfigurationPlatforms) = postSolution
		{40AA6449-0715-4053-8813-1AAF9C5F4C5F}.Debug|Any CPU.ActiveCfg = Debug|Any CPU
		{40AA6449-0715-4053-8813-1AAF9C5F4C5F}.Debug|Any CPU.Build.0 = Debug|Any CPU
		{40AA6449-0715-4053-8813-1AAF9C5F4C5F}.Release|Any CPU.ActiveCfg = Release|Any CPU
		{40AA6449-0715-4053-8813-1AAF9C5F4C5F}.Release|Any CPU.Build.0 = Release|Any CPU
		{59D4C10C-E6FA-4352-BE99-824D15191AEC}.Debug|Any CPU.ActiveCfg = Debug|Any CPU
		{59D4C10C-E6FA-4352-BE99-824D15191AEC}.Debug|Any CPU.Build.0 = Debug|Any CPU
		{59D4C10C-E6FA-4352-BE99-824D15191AEC}.Release|Any CPU.ActiveCfg = Release|Any CPU
		{59D4C10C-E6FA-4352-BE99-824D15191AEC}.Release|Any CPU.Build.0 = Release|Any CPU
	EndGlobalSection
	GlobalSection(SolutionProperties) = preSolution
		HideSolutionNode = FALSE
	EndGlobalSection
	GlobalSection(ExtensibilityGlobals) = postSolution
		SolutionGuid = {AECD2EB1-3F93-46F7-B416-85919E1FD908}
	EndGlobalSection
EndGlobal
